
Microsoft Visual Studio Solution File, Format Version 12.00
# Visual Studio Version 17
VisualStudioVersion = 17.1.32328.378
MinimumVisualStudioVersion = 10.0.40219.1
Project("{9A19103F-16F7-4668-BE54-9A1E7A4F7556}") = "RepositoryUnitOfWork", "RepositoryUnitOfWork\RepositoryUnitOfWork.csproj", "{1DD98E0A-07E3-4B0C-A887-F9390A5E3062}"
EndProject
Project("{9A19103F-16F7-4668-BE54-9A1E7A4F7556}") = "Framework.EFCore", "Framework.EFCore\Framework.EFCore.csproj", "{81CADCF6-C12A-4345-8654-B00FADC31B23}"
EndProject
Project("{9A19103F-16F7-4668-BE54-9A1E7A4F7556}") = "NUnitTest", "NUnitTest\NUnitTest.csproj", "{2225CEB0-8E8E-43E8-AA7C-318668EA8A88}"
EndProject
Global
	GlobalSection(SolutionConfigurationPlatforms) = preSolution
		Debug|Any CPU = Debug|Any CPU
		Release|Any CPU = Release|Any CPU
	EndGlobalSection
	GlobalSection(ProjectConfigurationPlatforms) = postSolution
		{1DD98E0A-07E3-4B0C-A887-F9390A5E3062}.Debug|Any CPU.ActiveCfg = Debug|Any CPU
		{1DD98E0A-07E3-4B0C-A887-F9390A5E3062}.Debug|Any CPU.Build.0 = Debug|Any CPU
		{1DD98E0A-07E3-4B0C-A887-F9390A5E3062}.Release|Any CPU.ActiveCfg = Release|Any CPU
		{1DD98E0A-07E3-4B0C-A887-F9390A5E3062}.Release|Any CPU.Build.0 = Release|Any CPU
		{81CADCF6-C12A-4345-8654-B00FADC31B23}.Debug|Any CPU.ActiveCfg = Debug|Any CPU
		{81CADCF6-C12A-4345-8654-B00FADC31B23}.Debug|Any CPU.Build.0 = Debug|Any CPU
		{81CADCF6-C12A-4345-8654-B00FADC31B23}.Release|Any CPU.ActiveCfg = Release|Any CPU
		{81CADCF6-C12A-4345-8654-B00FADC31B23}.Release|Any CPU.Build.0 = Release|Any CPU
		{2225CEB0-8E8E-43E8-AA7C-318668EA8A88}.Debug|Any CPU.ActiveCfg = Debug|Any CPU
		{2225CEB0-8E8E-43E8-AA7C-318668EA8A88}.Debug|Any CPU.Build.0 = Debug|Any CPU
		{2225CEB0-8E8E-43E8-AA7C-318668EA8A88}.Release|Any CPU.ActiveCfg = Release|Any CPU
		{2225CEB0-8E8E-43E8-AA7C-318668EA8A88}.Release|Any CPU.Build.0 = Release|Any CPU
	EndGlobalSection
	GlobalSection(SolutionProperties) = preSolution
		HideSolutionNode = FALSE
	EndGlobalSection
	GlobalSection(ExtensibilityGlobals) = postSolution
		SolutionGuid = {880568AC-53BB-4D35-900A-C037EFB1C909}
	EndGlobalSection
EndGlobal
