
Microsoft Visual Studio Solution File, Format Version 12.00
# Visual Studio Version 17
VisualStudioVersion = 17.1.32328.378
MinimumVisualStudioVersion = 10.0.40219.1
Project("{FAE04EC0-301F-11D3-BF4B-00C04F79EFBC}") = "RepositoryUnitOfWork", "RepositoryUnitOfWork\RepositoryUnitOfWork.csproj", "{1DD98E0A-07E3-4B0C-A887-F9390A5E3062}"
EndProject
Project("{FAE04EC0-301F-11D3-BF4B-00C04F79EFBC}") = "Framework.EFCore", "Framework.EFCore\Framework.EFCore.csproj", "{81CADCF6-C12A-4345-8654-B00FADC31B23}"
EndProject
Project("{FAE04EC0-301F-11D3-BF4B-00C04F79EFBC}") = "Framework.Repository", "Framework.Repository\Framework.Repository.csproj", "{C13B45D0-3E8E-4C87-9DF3-0D382F39BF9B}"
EndProject
Project("{FAE04EC0-301F-11D3-BF4B-00C04F79EFBC}") = "Framework.Service", "Framework.Service\Framework.Service.csproj", "{507F2765-3868-4EC0-9A92-144312CBCB56}"
EndProject
Project("{FAE04EC0-301F-11D3-BF4B-00C04F79EFBC}") = "NUnitTest", "NUnitTest\NUnitTest.csproj", "{2225CEB0-8E8E-43E8-AA7C-318668EA8A88}"
EndProject
Global
	GlobalSection(SolutionConfigurationPlatforms) = preSolution
		Debug|Any CPU = Debug|Any CPU
		Release|Any CPU = Release|Any CPU
	EndGlobalSection
	GlobalSection(ProjectConfigurationPlatforms) = postSolution
		{1DD98E0A-07E3-4B0C-A887-F9390A5E3062}.Debug|Any CPU.ActiveCfg = Debug|Any CPU
		{1DD98E0A-07E3-4B0C-A887-F9390A5E3062}.Debug|Any CPU.Build.0 = Debug|Any CPU
		{1DD98E0A-07E3-4B0C-A887-F9390A5E3062}.Release|Any CPU.ActiveCfg = Release|Any CPU
		{1DD98E0A-07E3-4B0C-A887-F9390A5E3062}.Release|Any CPU.Build.0 = Release|Any CPU
		{81CADCF6-C12A-4345-8654-B00FADC31B23}.Debug|Any CPU.ActiveCfg = Debug|Any CPU
		{81CADCF6-C12A-4345-8654-B00FADC31B23}.Debug|Any CPU.Build.0 = Debug|Any CPU
		{81CADCF6-C12A-4345-8654-B00FADC31B23}.Release|Any CPU.ActiveCfg = Release|Any CPU
		{81CADCF6-C12A-4345-8654-B00FADC31B23}.Release|Any CPU.Build.0 = Release|Any CPU
		{C13B45D0-3E8E-4C87-9DF3-0D382F39BF9B}.Debug|Any CPU.ActiveCfg = Debug|Any CPU
		{C13B45D0-3E8E-4C87-9DF3-0D382F39BF9B}.Debug|Any CPU.Build.0 = Debug|Any CPU
		{C13B45D0-3E8E-4C87-9DF3-0D382F39BF9B}.Release|Any CPU.ActiveCfg = Release|Any CPU
		{C13B45D0-3E8E-4C87-9DF3-0D382F39BF9B}.Release|Any CPU.Build.0 = Release|Any CPU
		{507F2765-3868-4EC0-9A92-144312CBCB56}.Debug|Any CPU.ActiveCfg = Debug|Any CPU
		{507F2765-3868-4EC0-9A92-144312CBCB56}.Debug|Any CPU.Build.0 = Debug|Any CPU
		{507F2765-3868-4EC0-9A92-144312CBCB56}.Release|Any CPU.ActiveCfg = Release|Any CPU
		{507F2765-3868-4EC0-9A92-144312CBCB56}.Release|Any CPU.Build.0 = Release|Any CPU
		{2225CEB0-8E8E-43E8-AA7C-318668EA8A88}.Debug|Any CPU.ActiveCfg = Debug|Any CPU
		{2225CEB0-8E8E-43E8-AA7C-318668EA8A88}.Debug|Any CPU.Build.0 = Debug|Any CPU
		{2225CEB0-8E8E-43E8-AA7C-318668EA8A88}.Release|Any CPU.ActiveCfg = Release|Any CPU
		{2225CEB0-8E8E-43E8-AA7C-318668EA8A88}.Release|Any CPU.Build.0 = Release|Any CPU
	EndGlobalSection
	GlobalSection(SolutionProperties) = preSolution
		HideSolutionNode = FALSE
	EndGlobalSection
	GlobalSection(ExtensibilityGlobals) = postSolution
		SolutionGuid = {880568AC-53BB-4D35-900A-C037EFB1C909}
	EndGlobalSection
EndGlobal
